
Microsoft Visual Studio Solution File, Format Version 12.00
# Visual Studio Version 17
VisualStudioVersion = 17.4.33213.308
MinimumVisualStudioVersion = 10.0.40219.1
Project("{FAE04EC0-301F-11D3-BF4B-00C04F79EFBC}") = "HKTS Management Center", "HKTS Management Center\HKTS Management Center.csproj", "{CC6A6A7F-DBD7-4D5B-B39D-4D31D67FFF15}"
EndProject
Global
	GlobalSection(SolutionConfigurationPlatforms) = preSolution
		Debug|Any CPU = Debug|Any CPU
		Release|Any CPU = Release|Any CPU
	EndGlobalSection
	GlobalSection(ProjectConfigurationPlatforms) = postSolution
		{CC6A6A7F-DBD7-4D5B-B39D-4D31D67FFF15}.Debug|Any CPU.ActiveCfg = Debug|Any CPU
		{CC6A6A7F-DBD7-4D5B-B39D-4D31D67FFF15}.Debug|Any CPU.Build.0 = Debug|Any CPU
		{CC6A6A7F-DBD7-4D5B-B39D-4D31D67FFF15}.Release|Any CPU.ActiveCfg = Release|Any CPU
		{CC6A6A7F-DBD7-4D5B-B39D-4D31D67FFF15}.Release|Any CPU.Build.0 = Release|Any CPU
	EndGlobalSection
	GlobalSection(SolutionProperties) = preSolution
		HideSolutionNode = FALSE
	EndGlobalSection
	GlobalSection(ExtensibilityGlobals) = postSolution
		SolutionGuid = {21C9122D-F55C-4048-944B-7BFE44254A6D}
	EndGlobalSection
EndGlobal
